
Microsoft Visual Studio Solution File, Format Version 12.00
# Visual Studio 14
VisualStudioVersion = 14.0.25420.1
MinimumVisualStudioVersion = 10.0.40219.1
Project("{FAE04EC0-301F-11D3-BF4B-00C04F79EFBC}") = "BowlingGame", "BowlingGame\BowlingGame.csproj", "{C61652B4-134E-4348-94CF-C90067DA1447}"
EndProject
Project("{2150E333-8FDC-42A3-9474-1A3956D46DE8}") = "Solution Items", "Solution Items", "{4A93FB63-068B-4577-9515-36DA5936F4D0}"
	ProjectSection(SolutionItems) = preProject
		BowlingKata.txt = BowlingKata.txt
	EndProjectSection
EndProject
Project("{FAE04EC0-301F-11D3-BF4B-00C04F79EFBC}") = "BowlingGame2", "BowlingGame2\BowlingGame2.csproj", "{1FEA583E-C4E6-4C58-BE03-0D5BE2C9DBD6}"
EndProject
Project("{FAE04EC0-301F-11D3-BF4B-00C04F79EFBC}") = "BowlingGame3", "BowlingGame3\BowlingGame3.csproj", "{A26301EF-0B12-4694-9F79-A022F00E3E16}"
EndProject
Project("{FAE04EC0-301F-11D3-BF4B-00C04F79EFBC}") = "BowlingGame4", "BowlingGame4\BowlingGame4.csproj", "{C3B00CDE-B89D-49BD-98A1-866BA8A5586B}"
EndProject
Project("{FAE04EC0-301F-11D3-BF4B-00C04F79EFBC}") = "BowlingGame5", "BowlingGame5\BowlingGame5.csproj", "{9D7D8271-1859-46BA-A76E-D9E32C09375B}"
EndProject
Global
	GlobalSection(SolutionConfigurationPlatforms) = preSolution
		Debug|Any CPU = Debug|Any CPU
		Release|Any CPU = Release|Any CPU
	EndGlobalSection
	GlobalSection(ProjectConfigurationPlatforms) = postSolution
		{C61652B4-134E-4348-94CF-C90067DA1447}.Debug|Any CPU.ActiveCfg = Debug|Any CPU
		{C61652B4-134E-4348-94CF-C90067DA1447}.Debug|Any CPU.Build.0 = Debug|Any CPU
		{C61652B4-134E-4348-94CF-C90067DA1447}.Release|Any CPU.ActiveCfg = Release|Any CPU
		{C61652B4-134E-4348-94CF-C90067DA1447}.Release|Any CPU.Build.0 = Release|Any CPU
		{1FEA583E-C4E6-4C58-BE03-0D5BE2C9DBD6}.Debug|Any CPU.ActiveCfg = Debug|Any CPU
		{1FEA583E-C4E6-4C58-BE03-0D5BE2C9DBD6}.Debug|Any CPU.Build.0 = Debug|Any CPU
		{1FEA583E-C4E6-4C58-BE03-0D5BE2C9DBD6}.Release|Any CPU.ActiveCfg = Release|Any CPU
		{1FEA583E-C4E6-4C58-BE03-0D5BE2C9DBD6}.Release|Any CPU.Build.0 = Release|Any CPU
		{A26301EF-0B12-4694-9F79-A022F00E3E16}.Debug|Any CPU.ActiveCfg = Debug|Any CPU
		{A26301EF-0B12-4694-9F79-A022F00E3E16}.Debug|Any CPU.Build.0 = Debug|Any CPU
		{A26301EF-0B12-4694-9F79-A022F00E3E16}.Release|Any CPU.ActiveCfg = Release|Any CPU
		{A26301EF-0B12-4694-9F79-A022F00E3E16}.Release|Any CPU.Build.0 = Release|Any CPU
		{C3B00CDE-B89D-49BD-98A1-866BA8A5586B}.Debug|Any CPU.ActiveCfg = Debug|Any CPU
		{C3B00CDE-B89D-49BD-98A1-866BA8A5586B}.Debug|Any CPU.Build.0 = Debug|Any CPU
		{C3B00CDE-B89D-49BD-98A1-866BA8A5586B}.Release|Any CPU.ActiveCfg = Release|Any CPU
		{C3B00CDE-B89D-49BD-98A1-866BA8A5586B}.Release|Any CPU.Build.0 = Release|Any CPU
		{9D7D8271-1859-46BA-A76E-D9E32C09375B}.Debug|Any CPU.ActiveCfg = Debug|Any CPU
		{9D7D8271-1859-46BA-A76E-D9E32C09375B}.Debug|Any CPU.Build.0 = Debug|Any CPU
		{9D7D8271-1859-46BA-A76E-D9E32C09375B}.Release|Any CPU.ActiveCfg = Release|Any CPU
		{9D7D8271-1859-46BA-A76E-D9E32C09375B}.Release|Any CPU.Build.0 = Release|Any CPU
	EndGlobalSection
	GlobalSection(SolutionProperties) = preSolution
		HideSolutionNode = FALSE
	EndGlobalSection
EndGlobal
